
Microsoft Visual Studio Solution File, Format Version 12.00
# Visual Studio Version 16
VisualStudioVersion = 16.0.31424.327
MinimumVisualStudioVersion = 10.0.40219.1
Project("{FAE04EC0-301F-11D3-BF4B-00C04F79EFBC}") = "NeloTimer", "NeloTimer\NeloTimer.csproj", "{EF07772D-2883-4056-A3BD-4F4D8E68942A}"
EndProject
Global
	GlobalSection(SolutionConfigurationPlatforms) = preSolution
		Debug|Any CPU = Debug|Any CPU
		Release|Any CPU = Release|Any CPU
	EndGlobalSection
	GlobalSection(ProjectConfigurationPlatforms) = postSolution
		{EF07772D-2883-4056-A3BD-4F4D8E68942A}.Debug|Any CPU.ActiveCfg = Debug|Any CPU
		{EF07772D-2883-4056-A3BD-4F4D8E68942A}.Debug|Any CPU.Build.0 = Debug|Any CPU
		{EF07772D-2883-4056-A3BD-4F4D8E68942A}.Release|Any CPU.ActiveCfg = Release|Any CPU
		{EF07772D-2883-4056-A3BD-4F4D8E68942A}.Release|Any CPU.Build.0 = Release|Any CPU
	EndGlobalSection
	GlobalSection(SolutionProperties) = preSolution
		HideSolutionNode = FALSE
	EndGlobalSection
	GlobalSection(ExtensibilityGlobals) = postSolution
		SolutionGuid = {0F6ADE9F-AE1C-4554-819F-0A021A29D5EC}
	EndGlobalSection
EndGlobal
